<?xml version="1.0" encoding="utf-8"?>
<Project ToolsVersion="4.0" xmlns="http://schemas.microsoft.com/developer/msbuild/2003">
  <ItemGroup>
    <Filter Include="Source Files">
      <UniqueIdentifier>{4FC737F1-C7A5-4376-A066-2A32D752A2FF}</UniqueIdentifier>
      <Extensions>cpp;c;cc;cxx;def;odl;idl;hpj;bat;asm;asmx</Extensions>
    </Filter>
    <Filter Include="Source Files\vbam">
      <UniqueIdentifier>{d10a5348-f57d-49f3-afb4-e432813d382a}</UniqueIdentifier>
    </Filter>
    <Filter Include="Source Files\vbam\gba">
      <UniqueIdentifier>{7201e240-aee2-49db-b2f7-bd3358b18741}</UniqueIdentifier>
    </Filter>
    <Filter Include="Source Files\vbam\apu">
      <UniqueIdentifier>{938bb639-e701-4fdc-a54f-ed0b90f8370c}</UniqueIdentifier>
    </Filter>
    <Filter Include="Header Files">
      <UniqueIdentifier>{93995380-89BD-4b04-88EB-625FBE52EBFB}</UniqueIdentifier>
      <Extensions>h;hpp;hxx;hm;inl;inc;xsd</Extensions>
    </Filter>
    <Filter Include="Header Files\vbam">
      <UniqueIdentifier>{9f767676-570a-4440-997c-d363d5d49929}</UniqueIdentifier>
    </Filter>
    <Filter Include="Header Files\vbam\apu">
      <UniqueIdentifier>{43e2f80a-bb3c-475e-946a-14f77490a4a1}</UniqueIdentifier>
    </Filter>
    <Filter Include="Header Files\vbam\common">
      <UniqueIdentifier>{4baff750-2763-41c9-b904-8a1fcc2e8ec8}</UniqueIdentifier>
    </Filter>
    <Filter Include="Header Files\vbam\gba">
      <UniqueIdentifier>{0c28bbc2-2b10-41c1-b87a-0b80a18c3859}</UniqueIdentifier>
    </Filter>
    <Filter Include="Resource Files">
      <UniqueIdentifier>{67DA6AB6-F800-4c08-8B7A-83BB121AAD01}</UniqueIdentifier>
      <Extensions>rc;ico;cur;bmp;dlg;rc2;rct;bin;rgs;gif;jpg;jpeg;jpe;resx;tiff;tif;png;wav</Extensions>
    </Filter>
  </ItemGroup>
  <ItemGroup>
    <ClCompile Include="gsfopt.cpp">
      <Filter>Source Files</Filter>
    </ClCompile>
    <ClCompile Include="PSFFile.cpp">
      <Filter>Source Files</Filter>
    </ClCompile>
    <ClCompile Include="ZlibReader.cpp">
      <Filter>Source Files</Filter>
    </ClCompile>
    <ClCompile Include="ZlibWriter.cpp">
      <Filter>Source Files</Filter>
    </ClCompile>
    <ClCompile Include="vbam\gba\bios.cpp">
      <Filter>Source Files\vbam\gba</Filter>
    </ClCompile>
    <ClCompile Include="vbam\gba\GBA-arm.cpp">
      <Filter>Source Files\vbam\gba</Filter>
    </ClCompile>
    <ClCompile Include="vbam\gba\GBA-thumb.cpp">
      <Filter>Source Files\vbam\gba</Filter>
    </ClCompile>
    <ClCompile Include="vbam\gba\GBA.cpp">
      <Filter>Source Files\vbam\gba</Filter>
    </ClCompile>
    <ClCompile Include="vbam\gba\Sound.cpp">
      <Filter>Source Files\vbam\gba</Filter>
    </ClCompile>
    <ClCompile Include="vbam\apu\Blip_Buffer.cpp">
      <Filter>Source Files\vbam\apu</Filter>
    </ClCompile>
    <ClCompile Include="vbam\apu\Effects_Buffer.cpp">
      <Filter>Source Files\vbam\apu</Filter>
    </ClCompile>
    <ClCompile Include="vbam\apu\Gb_Apu.cpp">
      <Filter>Source Files\vbam\apu</Filter>
    </ClCompile>
    <ClCompile Include="vbam\apu\Gb_Oscs.cpp">
      <Filter>Source Files\vbam\apu</Filter>
    </ClCompile>
    <ClCompile Include="vbam\apu\Multi_Buffer.cpp">
      <Filter>Source Files\vbam\apu</Filter>
    </ClCompile>
  </ItemGroup>
  <ItemGroup>
    <ClInclude Include="cpath.h">
      <Filter>Header Files</Filter>
    </ClInclude>
    <ClInclude Include="gsfopt.h">
      <Filter>Header Files</Filter>
    </ClInclude>
    <ClInclude Include="PSFFile.h">
      <Filter>Header Files</Filter>
    </ClInclude>
    <ClInclude Include="ZlibReader.h">
      <Filter>Header Files</Filter>
    </ClInclude>
    <ClInclude Include="ZlibWriter.h">
      <Filter>Header Files</Filter>
    </ClInclude>
    <ClInclude Include="vbam\apu\blargg_common.h">
      <Filter>Header Files\vbam\apu</Filter>
    </ClInclude>
    <ClInclude Include="vbam\apu\blargg_config.h">
      <Filter>Header Files\vbam\apu</Filter>
    </ClInclude>
    <ClInclude Include="vbam\apu\blargg_source.h">
      <Filter>Header Files\vbam\apu</Filter>
    </ClInclude>
    <ClInclude Include="vbam\apu\Blip_Buffer.h">
      <Filter>Header Files\vbam\apu</Filter>
    </ClInclude>
    <ClInclude Include="vbam\apu\Effects_Buffer.h">
      <Filter>Header Files\vbam\apu</Filter>
    </ClInclude>
    <ClInclude Include="vbam\apu\Gb_Apu.h">
      <Filter>Header Files\vbam\apu</Filter>
    </ClInclude>
    <ClInclude Include="vbam\apu\Gb_Oscs.h">
      <Filter>Header Files\vbam\apu</Filter>
    </ClInclude>
    <ClInclude Include="vbam\apu\Multi_Buffer.h">
      <Filter>Header Files\vbam\apu</Filter>
    </ClInclude>
    <ClInclude Include="vbam\common\Port.h">
      <Filter>Header Files\vbam\common</Filter>
    </ClInclude>
    <ClInclude Include="vbam\common\Types.h">
      <Filter>Header Files\vbam\common</Filter>
    </ClInclude>
    <ClInclude Include="vbam\gba\bios.h">
      <Filter>Header Files\vbam\gba</Filter>
    </ClInclude>
    <ClInclude Include="vbam\gba\GBA.h">
      <Filter>Header Files\vbam\gba</Filter>
    </ClInclude>
    <ClInclude Include="vbam\gba\GBAcpu.h">
      <Filter>Header Files\vbam\gba</Filter>
    </ClInclude>
    <ClInclude Include="vbam\gba\GBAinline.h">
      <Filter>Header Files\vbam\gba</Filter>
    </ClInclude>
    <ClInclude Include="vbam\gba\Globals.h">
      <Filter>Header Files\vbam\gba</Filter>
    </ClInclude>
    <ClInclude Include="vbam\gba\Sound.h">
      <Filter>Header Files\vbam\gba</Filter>
    </ClInclude>
  </ItemGroup>
</Project>